
Microsoft Visual Studio Solution File, Format Version 12.00
# Visual Studio Version 16
VisualStudioVersion = 16.0.31129.286
MinimumVisualStudioVersion = 10.0.40219.1
Project("{FAE04EC0-301F-11D3-BF4B-00C04F79EFBC}") = "Flappy Bird", "Flappy Bird.csproj", "{0CD852B1-8622-4796-ABBF-C7C25A23FF46}"
EndProject
Global
	GlobalSection(SolutionConfigurationPlatforms) = preSolution
		Debug|Any CPU = Debug|Any CPU
		Release|Any CPU = Release|Any CPU
	EndGlobalSection
	GlobalSection(ProjectConfigurationPlatforms) = postSolution
		{0CD852B1-8622-4796-ABBF-C7C25A23FF46}.Debug|Any CPU.ActiveCfg = Debug|Any CPU
		{0CD852B1-8622-4796-ABBF-C7C25A23FF46}.Debug|Any CPU.Build.0 = Debug|Any CPU
		{0CD852B1-8622-4796-ABBF-C7C25A23FF46}.Release|Any CPU.ActiveCfg = Release|Any CPU
		{0CD852B1-8622-4796-ABBF-C7C25A23FF46}.Release|Any CPU.Build.0 = Release|Any CPU
	EndGlobalSection
	GlobalSection(SolutionProperties) = preSolution
		HideSolutionNode = FALSE
	EndGlobalSection
	GlobalSection(ExtensibilityGlobals) = postSolution
		SolutionGuid = {F815165D-4BA0-41F4-84A0-20CC380D8B2F}
	EndGlobalSection
EndGlobal
